
Microsoft Visual Studio Solution File, Format Version 12.00
Project("{F2A71F9B-5D33-465A-A702-920D77279786}") = "Domain", "Domain\Domain.fsproj", "{898A386E-6465-47C6-948D-B1B4E3FF7999}"
EndProject
Project("{FAE04EC0-301F-11D3-BF4B-00C04F79EFBC}") = "App", "App\App.csproj", "{6B978FF2-4CD0-4B09-A0F6-C79F2EB93C89}"
EndProject
Global
	GlobalSection(SolutionConfigurationPlatforms) = preSolution
		Debug|Any CPU = Debug|Any CPU
		Release|Any CPU = Release|Any CPU
	EndGlobalSection
	GlobalSection(ProjectConfigurationPlatforms) = postSolution
		{898A386E-6465-47C6-948D-B1B4E3FF7999}.Debug|Any CPU.ActiveCfg = Debug|Any CPU
		{898A386E-6465-47C6-948D-B1B4E3FF7999}.Debug|Any CPU.Build.0 = Debug|Any CPU
		{898A386E-6465-47C6-948D-B1B4E3FF7999}.Release|Any CPU.ActiveCfg = Release|Any CPU
		{898A386E-6465-47C6-948D-B1B4E3FF7999}.Release|Any CPU.Build.0 = Release|Any CPU
		{6B978FF2-4CD0-4B09-A0F6-C79F2EB93C89}.Debug|Any CPU.ActiveCfg = Debug|Any CPU
		{6B978FF2-4CD0-4B09-A0F6-C79F2EB93C89}.Debug|Any CPU.Build.0 = Debug|Any CPU
		{6B978FF2-4CD0-4B09-A0F6-C79F2EB93C89}.Release|Any CPU.ActiveCfg = Release|Any CPU
		{6B978FF2-4CD0-4B09-A0F6-C79F2EB93C89}.Release|Any CPU.Build.0 = Release|Any CPU
	EndGlobalSection
EndGlobal
